// !$*UTF8*$!
{
	archiveVersion = 1;
	classes = {
	};
	objectVersion = 56;
	objects = {

/* Begin PBXBuildFile section */
		BA13BCD12AAC3D2100C85108 /* testApp.swift in Sources */ = {isa = PBXBuildFile; fileRef = BA13BCD02AAC3D2100C85108 /* testApp.swift */; };
		BA13BCD32AAC3D2100C85108 /* ContentView.swift in Sources */ = {isa = PBXBuildFile; fileRef = BA13BCD22AAC3D2100C85108 /* ContentView.swift */; };
		BA13BCD52AAC3D2400C85108 /* Assets.xcassets in Resources */ = {isa = PBXBuildFile; fileRef = BA13BCD42AAC3D2400C85108 /* Assets.xcassets */; };
		BA13BCD82AAC3D2400C85108 /* Preview Assets.xcassets in Resources */ = {isa = PBXBuildFile; fileRef = BA13BCD72AAC3D2400C85108 /* Preview Assets.xcassets */; };
		BA13BCDE2AAC3D2400C85108 /* test Watch App.app in Embed Watch Content */ = {isa = PBXBuildFile; fileRef = BA13BCDD2AAC3D2400C85108 /* test Watch App.app */; settings = {ATTRIBUTES = (RemoveHeadersOnCopy, ); }; };
		BA13BCE32AAC3D2400C85108 /* testApp.swift in Sources */ = {isa = PBXBuildFile; fileRef = BA13BCE22AAC3D2400C85108 /* testApp.swift */; };
		BA13BCE52AAC3D2400C85108 /* ContentView.swift in Sources */ = {isa = PBXBuildFile; fileRef = BA13BCE42AAC3D2400C85108 /* ContentView.swift */; };
		BA13BCE72AAC3D2600C85108 /* Assets.xcassets in Resources */ = {isa = PBXBuildFile; fileRef = BA13BCE62AAC3D2600C85108 /* Assets.xcassets */; };
		BA13BCEA2AAC3D2600C85108 /* Preview Assets.xcassets in Resources */ = {isa = PBXBuildFile; fileRef = BA13BCE92AAC3D2600C85108 /* Preview Assets.xcassets */; };
		BA425CC92AB084C30042A9BB /* WidgetKit.framework in Frameworks */ = {isa = PBXBuildFile; fileRef = BA425CC82AB084C30042A9BB /* WidgetKit.framework */; };
		BA425CCB2AB084C30042A9BB /* SwiftUI.framework in Frameworks */ = {isa = PBXBuildFile; fileRef = BA425CCA2AB084C30042A9BB /* SwiftUI.framework */; };
		BA425CCE2AB084C30042A9BB /* WindWatchWidget.swift in Sources */ = {isa = PBXBuildFile; fileRef = BA425CCD2AB084C30042A9BB /* WindWatchWidget.swift */; };
		BA425CD02AB084C50042A9BB /* Assets.xcassets in Resources */ = {isa = PBXBuildFile; fileRef = BA425CCF2AB084C50042A9BB /* Assets.xcassets */; };
		BA425CD42AB084C50042A9BB /* WindWatchWidgetExtension.appex in Embed Foundation Extensions */ = {isa = PBXBuildFile; fileRef = BA425CC62AB084C30042A9BB /* WindWatchWidgetExtension.appex */; settings = {ATTRIBUTES = (RemoveHeadersOnCopy, ); }; };
/* End PBXBuildFile section */

/* Begin PBXContainerItemProxy section */
		BA13BCDF2AAC3D2400C85108 /* PBXContainerItemProxy */ = {
			isa = PBXContainerItemProxy;
			containerPortal = BA13BCC52AAC3D2100C85108 /* Project object */;
			proxyType = 1;
			remoteGlobalIDString = BA13BCDC2AAC3D2400C85108;
			remoteInfo = "test Watch App";
		};
		BA425CD22AB084C50042A9BB /* PBXContainerItemProxy */ = {
			isa = PBXContainerItemProxy;
			containerPortal = BA13BCC52AAC3D2100C85108 /* Project object */;
			proxyType = 1;
			remoteGlobalIDString = BA425CC52AB084C30042A9BB;
			remoteInfo = WindWatchWidgetExtension;
		};
/* End PBXContainerItemProxy section */

/* Begin PBXCopyFilesBuildPhase section */
		BA13BCF02AAC3D2600C85108 /* Embed Watch Content */ = {
			isa = PBXCopyFilesBuildPhase;
			buildActionMask = 2147483647;
			dstPath = "$(CONTENTS_FOLDER_PATH)/Watch";
			dstSubfolderSpec = 16;
			files = (
				BA13BCDE2AAC3D2400C85108 /* test Watch App.app in Embed Watch Content */,
			);
			name = "Embed Watch Content";
			runOnlyForDeploymentPostprocessing = 0;
		};
		BA425CD52AB084C50042A9BB /* Embed Foundation Extensions */ = {
			isa = PBXCopyFilesBuildPhase;
			buildActionMask = 2147483647;
			dstPath = "";
			dstSubfolderSpec = 13;
			files = (
				BA425CD42AB084C50042A9BB /* WindWatchWidgetExtension.appex in Embed Foundation Extensions */,
			);
			name = "Embed Foundation Extensions";
			runOnlyForDeploymentPostprocessing = 0;
		};
/* End PBXCopyFilesBuildPhase section */

/* Begin PBXFileReference section */
		BA13BCCD2AAC3D2100C85108 /* test.app */ = {isa = PBXFileReference; explicitFileType = wrapper.application; includeInIndex = 0; path = test.app; sourceTree = BUILT_PRODUCTS_DIR; };
		BA13BCD02AAC3D2100C85108 /* testApp.swift */ = {isa = PBXFileReference; lastKnownFileType = sourcecode.swift; path = testApp.swift; sourceTree = "<group>"; };
		BA13BCD22AAC3D2100C85108 /* ContentView.swift */ = {isa = PBXFileReference; lastKnownFileType = sourcecode.swift; path = ContentView.swift; sourceTree = "<group>"; };
		BA13BCD42AAC3D2400C85108 /* Assets.xcassets */ = {isa = PBXFileReference; lastKnownFileType = folder.assetcatalog; path = Assets.xcassets; sourceTree = "<group>"; };
		BA13BCD72AAC3D2400C85108 /* Preview Assets.xcassets */ = {isa = PBXFileReference; lastKnownFileType = folder.assetcatalog; path = "Preview Assets.xcassets"; sourceTree = "<group>"; };
		BA13BCDD2AAC3D2400C85108 /* test Watch App.app */ = {isa = PBXFileReference; explicitFileType = wrapper.application; includeInIndex = 0; path = "test Watch App.app"; sourceTree = BUILT_PRODUCTS_DIR; };
		BA13BCE22AAC3D2400C85108 /* testApp.swift */ = {isa = PBXFileReference; lastKnownFileType = sourcecode.swift; path = testApp.swift; sourceTree = "<group>"; };
		BA13BCE42AAC3D2400C85108 /* ContentView.swift */ = {isa = PBXFileReference; lastKnownFileType = sourcecode.swift; path = ContentView.swift; sourceTree = "<group>"; };
		BA13BCE62AAC3D2600C85108 /* Assets.xcassets */ = {isa = PBXFileReference; lastKnownFileType = folder.assetcatalog; path = Assets.xcassets; sourceTree = "<group>"; };
		BA13BCE92AAC3D2600C85108 /* Preview Assets.xcassets */ = {isa = PBXFileReference; lastKnownFileType = folder.assetcatalog; path = "Preview Assets.xcassets"; sourceTree = "<group>"; };
		BA425CC62AB084C30042A9BB /* WindWatchWidgetExtension.appex */ = {isa = PBXFileReference; explicitFileType = "wrapper.app-extension"; includeInIndex = 0; path = WindWatchWidgetExtension.appex; sourceTree = BUILT_PRODUCTS_DIR; };
		BA425CC82AB084C30042A9BB /* WidgetKit.framework */ = {isa = PBXFileReference; lastKnownFileType = wrapper.framework; name = WidgetKit.framework; path = System/Library/Frameworks/WidgetKit.framework; sourceTree = SDKROOT; };
		BA425CCA2AB084C30042A9BB /* SwiftUI.framework */ = {isa = PBXFileReference; lastKnownFileType = wrapper.framework; name = SwiftUI.framework; path = System/Library/Frameworks/SwiftUI.framework; sourceTree = SDKROOT; };
		BA425CCD2AB084C30042A9BB /* WindWatchWidget.swift */ = {isa = PBXFileReference; lastKnownFileType = sourcecode.swift; path = WindWatchWidget.swift; sourceTree = "<group>"; };
		BA425CCF2AB084C50042A9BB /* Assets.xcassets */ = {isa = PBXFileReference; lastKnownFileType = folder.assetcatalog; path = Assets.xcassets; sourceTree = "<group>"; };
		BA425CD12AB084C50042A9BB /* Info.plist */ = {isa = PBXFileReference; lastKnownFileType = text.plist.xml; path = Info.plist; sourceTree = "<group>"; };
/* End PBXFileReference section */

/* Begin PBXFrameworksBuildPhase section */
		BA13BCCA2AAC3D2100C85108 /* Frameworks */ = {
			isa = PBXFrameworksBuildPhase;
			buildActionMask = 2147483647;
			files = (
			);
			runOnlyForDeploymentPostprocessing = 0;
		};
		BA13BCDA2AAC3D2400C85108 /* Frameworks */ = {
			isa = PBXFrameworksBuildPhase;
			buildActionMask = 2147483647;
			files = (
			);
			runOnlyForDeploymentPostprocessing = 0;
		};
		BA425CC32AB084C30042A9BB /* Frameworks */ = {
			isa = PBXFrameworksBuildPhase;
			buildActionMask = 2147483647;
			files = (
				BA425CCB2AB084C30042A9BB /* SwiftUI.framework in Frameworks */,
				BA425CC92AB084C30042A9BB /* WidgetKit.framework in Frameworks */,
			);
			runOnlyForDeploymentPostprocessing = 0;
		};
/* End PBXFrameworksBuildPhase section */

/* Begin PBXGroup section */
		BA13BCC42AAC3D2100C85108 = {
			isa = PBXGroup;
			children = (
				BA13BCCF2AAC3D2100C85108 /* test */,
				BA13BCE12AAC3D2400C85108 /* test Watch App */,
				BA425CCC2AB084C30042A9BB /* WindWatchWidget */,
				BA425CC72AB084C30042A9BB /* Frameworks */,
				BA13BCCE2AAC3D2100C85108 /* Products */,
			);
			sourceTree = "<group>";
		};
		BA13BCCE2AAC3D2100C85108 /* Products */ = {
			isa = PBXGroup;
			children = (
				BA13BCCD2AAC3D2100C85108 /* test.app */,
				BA13BCDD2AAC3D2400C85108 /* test Watch App.app */,
				BA425CC62AB084C30042A9BB /* WindWatchWidgetExtension.appex */,
			);
			name = Products;
			sourceTree = "<group>";
		};
		BA13BCCF2AAC3D2100C85108 /* test */ = {
			isa = PBXGroup;
			children = (
				BA13BCD02AAC3D2100C85108 /* testApp.swift */,
				BA13BCD22AAC3D2100C85108 /* ContentView.swift */,
				BA13BCD42AAC3D2400C85108 /* Assets.xcassets */,
				BA13BCD62AAC3D2400C85108 /* Preview Content */,
			);
			path = test;
			sourceTree = "<group>";
		};
		BA13BCD62AAC3D2400C85108 /* Preview Content */ = {
			isa = PBXGroup;
			children = (
				BA13BCD72AAC3D2400C85108 /* Preview Assets.xcassets */,
			);
			path = "Preview Content";
			sourceTree = "<group>";
		};
		BA13BCE12AAC3D2400C85108 /* test Watch App */ = {
			isa = PBXGroup;
			children = (
				BA13BCE22AAC3D2400C85108 /* testApp.swift */,
				BA13BCE42AAC3D2400C85108 /* ContentView.swift */,
				BA13BCE62AAC3D2600C85108 /* Assets.xcassets */,
				BA13BCE82AAC3D2600C85108 /* Preview Content */,
			);
			path = "test Watch App";
			sourceTree = "<group>";
		};
		BA13BCE82AAC3D2600C85108 /* Preview Content */ = {
			isa = PBXGroup;
			children = (
				BA13BCE92AAC3D2600C85108 /* Preview Assets.xcassets */,
			);
			path = "Preview Content";
			sourceTree = "<group>";
		};
		BA425CC72AB084C30042A9BB /* Frameworks */ = {
			isa = PBXGroup;
			children = (
				BA425CC82AB084C30042A9BB /* WidgetKit.framework */,
				BA425CCA2AB084C30042A9BB /* SwiftUI.framework */,
			);
			name = Frameworks;
			sourceTree = "<group>";
		};
		BA425CCC2AB084C30042A9BB /* WindWatchWidget */ = {
			isa = PBXGroup;
			children = (
				BA425CCD2AB084C30042A9BB /* WindWatchWidget.swift */,
				BA425CCF2AB084C50042A9BB /* Assets.xcassets */,
				BA425CD12AB084C50042A9BB /* Info.plist */,
			);
			path = WindWatchWidget;
			sourceTree = "<group>";
		};
/* End PBXGroup section */

/* Begin PBXNativeTarget section */
		BA13BCCC2AAC3D2100C85108 /* test */ = {
			isa = PBXNativeTarget;
			buildConfigurationList = BA13BCF12AAC3D2600C85108 /* Build configuration list for PBXNativeTarget "test" */;
			buildPhases = (
				BA13BCC92AAC3D2100C85108 /* Sources */,
				BA13BCCA2AAC3D2100C85108 /* Frameworks */,
				BA13BCCB2AAC3D2100C85108 /* Resources */,
				BA13BCF02AAC3D2600C85108 /* Embed Watch Content */,
			);
			buildRules = (
			);
			dependencies = (
				BA13BCE02AAC3D2400C85108 /* PBXTargetDependency */,
			);
			name = test;
			productName = test;
			productReference = BA13BCCD2AAC3D2100C85108 /* test.app */;
			productType = "com.apple.product-type.application";
		};
		BA13BCDC2AAC3D2400C85108 /* test Watch App */ = {
			isa = PBXNativeTarget;
			buildConfigurationList = BA13BCED2AAC3D2600C85108 /* Build configuration list for PBXNativeTarget "test Watch App" */;
			buildPhases = (
				BA13BCD92AAC3D2400C85108 /* Sources */,
				BA13BCDA2AAC3D2400C85108 /* Frameworks */,
				BA13BCDB2AAC3D2400C85108 /* Resources */,
				BA425CD52AB084C50042A9BB /* Embed Foundation Extensions */,
			);
			buildRules = (
			);
			dependencies = (
				BA425CD32AB084C50042A9BB /* PBXTargetDependency */,
			);
			name = "test Watch App";
			productName = "test Watch App";
			productReference = BA13BCDD2AAC3D2400C85108 /* test Watch App.app */;
			productType = "com.apple.product-type.application";
		};
		BA425CC52AB084C30042A9BB /* WindWatchWidgetExtension */ = {
			isa = PBXNativeTarget;
			buildConfigurationList = BA425CD82AB084C50042A9BB /* Build configuration list for PBXNativeTarget "WindWatchWidgetExtension" */;
			buildPhases = (
				BA425CC22AB084C30042A9BB /* Sources */,
				BA425CC32AB084C30042A9BB /* Frameworks */,
				BA425CC42AB084C30042A9BB /* Resources */,
			);
			buildRules = (
			);
			dependencies = (
			);
			name = WindWatchWidgetExtension;
			productName = WindWatchWidgetExtension;
			productReference = BA425CC62AB084C30042A9BB /* WindWatchWidgetExtension.appex */;
			productType = "com.apple.product-type.app-extension";
		};
/* End PBXNativeTarget section */

/* Begin PBXProject section */
		BA13BCC52AAC3D2100C85108 /* Project object */ = {
			isa = PBXProject;
			attributes = {
				BuildIndependentTargetsInParallel = 1;
				LastSwiftUpdateCheck = 1500;
				LastUpgradeCheck = 1500;
				TargetAttributes = {
					BA13BCCC2AAC3D2100C85108 = {
						CreatedOnToolsVersion = 15.0;
					};
					BA13BCDC2AAC3D2400C85108 = {
						CreatedOnToolsVersion = 15.0;
					};
					BA425CC52AB084C30042A9BB = {
						CreatedOnToolsVersion = 15.0;
					};
				};
			};
			buildConfigurationList = BA13BCC82AAC3D2100C85108 /* Build configuration list for PBXProject "test" */;
			compatibilityVersion = "Xcode 14.0";
			developmentRegion = en;
			hasScannedForEncodings = 0;
			knownRegions = (
				en,
				Base,
			);
			mainGroup = BA13BCC42AAC3D2100C85108;
			productRefGroup = BA13BCCE2AAC3D2100C85108 /* Products */;
			projectDirPath = "";
			projectRoot = "";
			targets = (
				BA13BCCC2AAC3D2100C85108 /* test */,
				BA13BCDC2AAC3D2400C85108 /* test Watch App */,
				BA425CC52AB084C30042A9BB /* WindWatchWidgetExtension */,
			);
		};
/* End PBXProject section */

/* Begin PBXResourcesBuildPhase section */
		BA13BCCB2AAC3D2100C85108 /* Resources */ = {
			isa = PBXResourcesBuildPhase;
			buildActionMask = 2147483647;
			files = (
				BA13BCD82AAC3D2400C85108 /* Preview Assets.xcassets in Resources */,
				BA13BCD52AAC3D2400C85108 /* Assets.xcassets in Resources */,
			);
			runOnlyForDeploymentPostprocessing = 0;
		};
		BA13BCDB2AAC3D2400C85108 /* Resources */ = {
			isa = PBXResourcesBuildPhase;
			buildActionMask = 2147483647;
			files = (
				BA13BCEA2AAC3D2600C85108 /* Preview Assets.xcassets in Resources */,
				BA13BCE72AAC3D2600C85108 /* Assets.xcassets in Resources */,
			);
			runOnlyForDeploymentPostprocessing = 0;
		};
		BA425CC42AB084C30042A9BB /* Resources */ = {
			isa = PBXResourcesBuildPhase;
			buildActionMask = 2147483647;
			files = (
				BA425CD02AB084C50042A9BB /* Assets.xcassets in Resources */,
			);
			runOnlyForDeploymentPostprocessing = 0;
		};
/* End PBXResourcesBuildPhase section */

/* Begin PBXSourcesBuildPhase section */
		BA13BCC92AAC3D2100C85108 /* Sources */ = {
			isa = PBXSourcesBuildPhase;
			buildActionMask = 2147483647;
			files = (
				BA13BCD32AAC3D2100C85108 /* ContentView.swift in Sources */,
				BA13BCD12AAC3D2100C85108 /* testApp.swift in Sources */,
			);
			runOnlyForDeploymentPostprocessing = 0;
		};
		BA13BCD92AAC3D2400C85108 /* Sources */ = {
			isa = PBXSourcesBuildPhase;
			buildActionMask = 2147483647;
			files = (
				BA13BCE52AAC3D2400C85108 /* ContentView.swift in Sources */,
				BA13BCE32AAC3D2400C85108 /* testApp.swift in Sources */,
			);
			runOnlyForDeploymentPostprocessing = 0;
		};
		BA425CC22AB084C30042A9BB /* Sources */ = {
			isa = PBXSourcesBuildPhase;
			buildActionMask = 2147483647;
			files = (
				BA425CCE2AB084C30042A9BB /* WindWatchWidget.swift in Sources */,
			);
			runOnlyForDeploymentPostprocessing = 0;
		};
/* End PBXSourcesBuildPhase section */

/* Begin PBXTargetDependency section */
		BA13BCE02AAC3D2400C85108 /* PBXTargetDependency */ = {
			isa = PBXTargetDependency;
			target = BA13BCDC2AAC3D2400C85108 /* test Watch App */;
			targetProxy = BA13BCDF2AAC3D2400C85108 /* PBXContainerItemProxy */;
		};
		BA425CD32AB084C50042A9BB /* PBXTargetDependency */ = {
			isa = PBXTargetDependency;
			target = BA425CC52AB084C30042A9BB /* WindWatchWidgetExtension */;
			targetProxy = BA425CD22AB084C50042A9BB /* PBXContainerItemProxy */;
		};
/* End PBXTargetDependency section */

/* Begin XCBuildConfiguration section */
		BA13BCEB2AAC3D2600C85108 /* Debug */ = {
			isa = XCBuildConfiguration;
			buildSettings = {
				ALWAYS_SEARCH_USER_PATHS = NO;
				ASSETCATALOG_COMPILER_GENERATE_SWIFT_ASSET_SYMBOL_EXTENSIONS = YES;
				CLANG_ANALYZER_NONNULL = YES;
				CLANG_ANALYZER_NUMBER_OBJECT_CONVERSION = YES_AGGRESSIVE;
				CLANG_CXX_LANGUAGE_STANDARD = "gnu++20";
				CLANG_ENABLE_MODULES = YES;
				CLANG_ENABLE_OBJC_ARC = YES;
				CLANG_ENABLE_OBJC_WEAK = YES;
				CLANG_WARN_BLOCK_CAPTURE_AUTORELEASING = YES;
				CLANG_WARN_BOOL_CONVERSION = YES;
				CLANG_WARN_COMMA = YES;
				CLANG_WARN_CONSTANT_CONVERSION = YES;
				CLANG_WARN_DEPRECATED_OBJC_IMPLEMENTATIONS = YES;
				CLANG_WARN_DIRECT_OBJC_ISA_USAGE = YES_ERROR;
				CLANG_WARN_DOCUMENTATION_COMMENTS = YES;
				CLANG_WARN_EMPTY_BODY = YES;
				CLANG_WARN_ENUM_CONVERSION = YES;
				CLANG_WARN_INFINITE_RECURSION = YES;
				CLANG_WARN_INT_CONVERSION = YES;
				CLANG_WARN_NON_LITERAL_NULL_CONVERSION = YES;
				CLANG_WARN_OBJC_IMPLICIT_RETAIN_SELF = YES;
				CLANG_WARN_OBJC_LITERAL_CONVERSION = YES;
				CLANG_WARN_OBJC_ROOT_CLASS = YES_ERROR;
				CLANG_WARN_QUOTED_INCLUDE_IN_FRAMEWORK_HEADER = YES;
				CLANG_WARN_RANGE_LOOP_ANALYSIS = YES;
				CLANG_WARN_STRICT_PROTOTYPES = YES;
				CLANG_WARN_SUSPICIOUS_MOVE = YES;
				CLANG_WARN_UNGUARDED_AVAILABILITY = YES_AGGRESSIVE;
				CLANG_WARN_UNREACHABLE_CODE = YES;
				CLANG_WARN__DUPLICATE_METHOD_MATCH = YES;
				COPY_PHASE_STRIP = NO;
				DEBUG_INFORMATION_FORMAT = dwarf;
				ENABLE_STRICT_OBJC_MSGSEND = YES;
				ENABLE_TESTABILITY = YES;
				ENABLE_USER_SCRIPT_SANDBOXING = YES;
				GCC_C_LANGUAGE_STANDARD = gnu17;
				GCC_DYNAMIC_NO_PIC = NO;
				GCC_NO_COMMON_BLOCKS = YES;
				GCC_OPTIMIZATION_LEVEL = 0;
				GCC_PREPROCESSOR_DEFINITIONS = (
					"DEBUG=1",
					"$(inherited)",
				);
				GCC_WARN_64_TO_32_BIT_CONVERSION = YES;
				GCC_WARN_ABOUT_RETURN_TYPE = YES_ERROR;
				GCC_WARN_UNDECLARED_SELECTOR = YES;
				GCC_WARN_UNINITIALIZED_AUTOS = YES_AGGRESSIVE;
				GCC_WARN_UNUSED_FUNCTION = YES;
				GCC_WARN_UNUSED_VARIABLE = YES;
				IPHONEOS_DEPLOYMENT_TARGET = 17.0;
				LOCALIZATION_PREFERS_STRING_CATALOGS = YES;
				MTL_ENABLE_DEBUG_INFO = INCLUDE_SOURCE;
				MTL_FAST_MATH = YES;
				ONLY_ACTIVE_ARCH = YES;
				SWIFT_ACTIVE_COMPILATION_CONDITIONS = "DEBUG $(inherited)";
				SWIFT_OPTIMIZATION_LEVEL = "-Onone";
				WATCHOS_DEPLOYMENT_TARGET = 10.0;
			};
			name = Debug;
		};
		BA13BCEC2AAC3D2600C85108 /* Release */ = {
			isa = XCBuildConfiguration;
			buildSettings = {
				ALWAYS_SEARCH_USER_PATHS = NO;
				ASSETCATALOG_COMPILER_GENERATE_SWIFT_ASSET_SYMBOL_EXTENSIONS = YES;
				CLANG_ANALYZER_NONNULL = YES;
				CLANG_ANALYZER_NUMBER_OBJECT_CONVERSION = YES_AGGRESSIVE;
				CLANG_CXX_LANGUAGE_STANDARD = "gnu++20";
				CLANG_ENABLE_MODULES = YES;
				CLANG_ENABLE_OBJC_ARC = YES;
				CLANG_ENABLE_OBJC_WEAK = YES;
				CLANG_WARN_BLOCK_CAPTURE_AUTORELEASING = YES;
				CLANG_WARN_BOOL_CONVERSION = YES;
				CLANG_WARN_COMMA = YES;
				CLANG_WARN_CONSTANT_CONVERSION = YES;
				CLANG_WARN_DEPRECATED_OBJC_IMPLEMENTATIONS = YES;
				CLANG_WARN_DIRECT_OBJC_ISA_USAGE = YES_ERROR;
				CLANG_WARN_DOCUMENTATION_COMMENTS = YES;
				CLANG_WARN_EMPTY_BODY = YES;
				CLANG_WARN_ENUM_CONVERSION = YES;
				CLANG_WARN_INFINITE_RECURSION = YES;
				CLANG_WARN_INT_CONVERSION = YES;
				CLANG_WARN_NON_LITERAL_NULL_CONVERSION = YES;
				CLANG_WARN_OBJC_IMPLICIT_RETAIN_SELF = YES;
				CLANG_WARN_OBJC_LITERAL_CONVERSION = YES;
				CLANG_WARN_OBJC_ROOT_CLASS = YES_ERROR;
				CLANG_WARN_QUOTED_INCLUDE_IN_FRAMEWORK_HEADER = YES;
				CLANG_WARN_RANGE_LOOP_ANALYSIS = YES;
				CLANG_WARN_STRICT_PROTOTYPES = YES;
				CLANG_WARN_SUSPICIOUS_MOVE = YES;
				CLANG_WARN_UNGUARDED_AVAILABILITY = YES_AGGRESSIVE;
				CLANG_WARN_UNREACHABLE_CODE = YES;
				CLANG_WARN__DUPLICATE_METHOD_MATCH = YES;
				COPY_PHASE_STRIP = NO;
				DEBUG_INFORMATION_FORMAT = "dwarf-with-dsym";
				ENABLE_NS_ASSERTIONS = NO;
				ENABLE_STRICT_OBJC_MSGSEND = YES;
				ENABLE_USER_SCRIPT_SANDBOXING = YES;
				GCC_C_LANGUAGE_STANDARD = gnu17;
				GCC_NO_COMMON_BLOCKS = YES;
				GCC_WARN_64_TO_32_BIT_CONVERSION = YES;
				GCC_WARN_ABOUT_RETURN_TYPE = YES_ERROR;
				GCC_WARN_UNDECLARED_SELECTOR = YES;
				GCC_WARN_UNINITIALIZED_AUTOS = YES_AGGRESSIVE;
				GCC_WARN_UNUSED_FUNCTION = YES;
				GCC_WARN_UNUSED_VARIABLE = YES;
				IPHONEOS_DEPLOYMENT_TARGET = 17.0;
				LOCALIZATION_PREFERS_STRING_CATALOGS = YES;
				MTL_ENABLE_DEBUG_INFO = NO;
				MTL_FAST_MATH = YES;
				SWIFT_COMPILATION_MODE = wholemodule;
				WATCHOS_DEPLOYMENT_TARGET = 10.0;
			};
			name = Release;
		};
		BA13BCEE2AAC3D2600C85108 /* Debug */ = {
			isa = XCBuildConfiguration;
			buildSettings = {
				ALWAYS_EMBED_SWIFT_STANDARD_LIBRARIES = YES;
				ASSETCATALOG_COMPILER_APPICON_NAME = AppIcon;
				ASSETCATALOG_COMPILER_GLOBAL_ACCENT_COLOR_NAME = AccentColor;
				CODE_SIGN_STYLE = Automatic;
				CURRENT_PROJECT_VERSION = 1;
				DEVELOPMENT_ASSET_PATHS = "\"test Watch App/Preview Content\"";
				DEVELOPMENT_TEAM = X4RPB4Q33M;
				ENABLE_PREVIEWS = YES;
				GENERATE_INFOPLIST_FILE = YES;
				INFOPLIST_KEY_CFBundleDisplayName = test;
				INFOPLIST_KEY_UISupportedInterfaceOrientations = "UIInterfaceOrientationPortrait UIInterfaceOrientationPortraitUpsideDown";
				INFOPLIST_KEY_WKCompanionAppBundleIdentifier = koyakei.test;
				LD_RUNPATH_SEARCH_PATHS = (
					"$(inherited)",
					"@executable_path/Frameworks",
				);
				MARKETING_VERSION = 1.0;
				PRODUCT_BUNDLE_IDENTIFIER = koyakei.test.watchkitapp;
				PRODUCT_NAME = "$(TARGET_NAME)";
				SDKROOT = watchos;
				SKIP_INSTALL = YES;
				SWIFT_EMIT_LOC_STRINGS = YES;
				SWIFT_VERSION = 5.0;
				TARGETED_DEVICE_FAMILY = 4;
				WATCHOS_DEPLOYMENT_TARGET = 10.0;
			};
			name = Debug;
		};
		BA13BCEF2AAC3D2600C85108 /* Release */ = {
			isa = XCBuildConfiguration;
			buildSettings = {
				ALWAYS_EMBED_SWIFT_STANDARD_LIBRARIES = YES;
				ASSETCATALOG_COMPILER_APPICON_NAME = AppIcon;
				ASSETCATALOG_COMPILER_GLOBAL_ACCENT_COLOR_NAME = AccentColor;
				CODE_SIGN_STYLE = Automatic;
				CURRENT_PROJECT_VERSION = 1;
				DEVELOPMENT_ASSET_PATHS = "\"test Watch App/Preview Content\"";
				DEVELOPMENT_TEAM = X4RPB4Q33M;
				ENABLE_PREVIEWS = YES;
				GENERATE_INFOPLIST_FILE = YES;
				INFOPLIST_KEY_CFBundleDisplayName = test;
				INFOPLIST_KEY_UISupportedInterfaceOrientations = "UIInterfaceOrientationPortrait UIInterfaceOrientationPortraitUpsideDown";
				INFOPLIST_KEY_WKCompanionAppBundleIdentifier = koyakei.test;
				LD_RUNPATH_SEARCH_PATHS = (
					"$(inherited)",
					"@executable_path/Frameworks",
				);
				MARKETING_VERSION = 1.0;
				PRODUCT_BUNDLE_IDENTIFIER = koyakei.test.watchkitapp;
				PRODUCT_NAME = "$(TARGET_NAME)";
				SDKROOT = watchos;
				SKIP_INSTALL = YES;
				SWIFT_EMIT_LOC_STRINGS = YES;
				SWIFT_VERSION = 5.0;
				TARGETED_DEVICE_FAMILY = 4;
				VALIDATE_PRODUCT = YES;
				WATCHOS_DEPLOYMENT_TARGET = 10.0;
			};
			name = Release;
		};
		BA13BCF22AAC3D2600C85108 /* Debug */ = {
			isa = XCBuildConfiguration;
			buildSettings = {
				ALWAYS_EMBED_SWIFT_STANDARD_LIBRARIES = YES;
				ASSETCATALOG_COMPILER_APPICON_NAME = AppIcon;
				ASSETCATALOG_COMPILER_GLOBAL_ACCENT_COLOR_NAME = AccentColor;
				CODE_SIGN_STYLE = Automatic;
				CURRENT_PROJECT_VERSION = 1;
				DEVELOPMENT_ASSET_PATHS = "\"test/Preview Content\"";
				DEVELOPMENT_TEAM = X4RPB4Q33M;
				ENABLE_PREVIEWS = YES;
				GENERATE_INFOPLIST_FILE = YES;
				INFOPLIST_KEY_CFBundleDisplayName = test;
				INFOPLIST_KEY_UIApplicationSceneManifest_Generation = YES;
				INFOPLIST_KEY_UIApplicationSupportsIndirectInputEvents = YES;
				INFOPLIST_KEY_UILaunchScreen_Generation = YES;
				INFOPLIST_KEY_UISupportedInterfaceOrientations_iPad = "UIInterfaceOrientationPortrait UIInterfaceOrientationPortraitUpsideDown UIInterfaceOrientationLandscapeLeft UIInterfaceOrientationLandscapeRight";
				INFOPLIST_KEY_UISupportedInterfaceOrientations_iPhone = "UIInterfaceOrientationPortrait UIInterfaceOrientationLandscapeLeft UIInterfaceOrientationLandscapeRight";
				IPHONEOS_DEPLOYMENT_TARGET = 17.0;
				LD_RUNPATH_SEARCH_PATHS = (
					"$(inherited)",
					"@executable_path/Frameworks",
				);
				MARKETING_VERSION = 1.0;
				PRODUCT_BUNDLE_IDENTIFIER = koyakei.test;
				PRODUCT_NAME = "$(TARGET_NAME)";
				SDKROOT = iphoneos;
				SWIFT_EMIT_LOC_STRINGS = YES;
				SWIFT_VERSION = 5.0;
				TARGETED_DEVICE_FAMILY = "1,2";
			};
			name = Debug;
		};
		BA13BCF32AAC3D2600C85108 /* Release */ = {
			isa = XCBuildConfiguration;
			buildSettings = {
				ALWAYS_EMBED_SWIFT_STANDARD_LIBRARIES = YES;
				ASSETCATALOG_COMPILER_APPICON_NAME = AppIcon;
				ASSETCATALOG_COMPILER_GLOBAL_ACCENT_COLOR_NAME = AccentColor;
				CODE_SIGN_STYLE = Automatic;
				CURRENT_PROJECT_VERSION = 1;
				DEVELOPMENT_ASSET_PATHS = "\"test/Preview Content\"";
				DEVELOPMENT_TEAM = X4RPB4Q33M;
				ENABLE_PREVIEWS = YES;
				GENERATE_INFOPLIST_FILE = YES;
				INFOPLIST_KEY_CFBundleDisplayName = test;
				INFOPLIST_KEY_UIApplicationSceneManifest_Generation = YES;
				INFOPLIST_KEY_UIApplicationSupportsIndirectInputEvents = YES;
				INFOPLIST_KEY_UILaunchScreen_Generation = YES;
				INFOPLIST_KEY_UISupportedInterfaceOrientations_iPad = "UIInterfaceOrientationPortrait UIInterfaceOrientationPortraitUpsideDown UIInterfaceOrientationLandscapeLeft UIInterfaceOrientationLandscapeRight";
				INFOPLIST_KEY_UISupportedInterfaceOrientations_iPhone = "UIInterfaceOrientationPortrait UIInterfaceOrientationLandscapeLeft UIInterfaceOrientationLandscapeRight";
				IPHONEOS_DEPLOYMENT_TARGET = 17.0;
				LD_RUNPATH_SEARCH_PATHS = (
					"$(inherited)",
					"@executable_path/Frameworks",
				);
				MARKETING_VERSION = 1.0;
				PRODUCT_BUNDLE_IDENTIFIER = koyakei.test;
				PRODUCT_NAME = "$(TARGET_NAME)";
				SDKROOT = iphoneos;
				SWIFT_EMIT_LOC_STRINGS = YES;
				SWIFT_VERSION = 5.0;
				TARGETED_DEVICE_FAMILY = "1,2";
				VALIDATE_PRODUCT = YES;
			};
			name = Release;
		};
		BA425CD62AB084C50042A9BB /* Debug */ = {
			isa = XCBuildConfiguration;
			buildSettings = {
				ASSETCATALOG_COMPILER_GLOBAL_ACCENT_COLOR_NAME = AccentColor;
				ASSETCATALOG_COMPILER_WIDGET_BACKGROUND_COLOR_NAME = WidgetBackground;
				CODE_SIGN_STYLE = Automatic;
				CURRENT_PROJECT_VERSION = 1;
				DEVELOPMENT_TEAM = X4RPB4Q33M;
				GENERATE_INFOPLIST_FILE = YES;
				INFOPLIST_FILE = WindWatchWidget/Info.plist;
				INFOPLIST_KEY_CFBundleDisplayName = WindWatchWidget;
				INFOPLIST_KEY_NSHumanReadableCopyright = "";
				LD_RUNPATH_SEARCH_PATHS = (
					"$(inherited)",
					"@executable_path/Frameworks",
					"@executable_path/../../Frameworks",
					"@executable_path/../../../../Frameworks",
				);
				MARKETING_VERSION = 1.0;
				PRODUCT_BUNDLE_IDENTIFIER = koyakei.test.watchkitapp.WindWatchWidget;
				PRODUCT_NAME = "$(TARGET_NAME)";
				SDKROOT = watchos;
				SKIP_INSTALL = YES;
				SWIFT_EMIT_LOC_STRINGS = YES;
				SWIFT_VERSION = 5.0;
				TARGETED_DEVICE_FAMILY = 4;
			};
			name = Debug;
		};
		BA425CD72AB084C50042A9BB /* Release */ = {
			isa = XCBuildConfiguration;
			buildSettings = {
				ASSETCATALOG_COMPILER_GLOBAL_ACCENT_COLOR_NAME = AccentColor;
				ASSETCATALOG_COMPILER_WIDGET_BACKGROUND_COLOR_NAME = WidgetBackground;
				CODE_SIGN_STYLE = Automatic;
				CURRENT_PROJECT_VERSION = 1;
				DEVELOPMENT_TEAM = X4RPB4Q33M;
				GENERATE_INFOPLIST_FILE = YES;
				INFOPLIST_FILE = WindWatchWidget/Info.plist;
				INFOPLIST_KEY_CFBundleDisplayName = WindWatchWidget;
				INFOPLIST_KEY_NSHumanReadableCopyright = "";
				LD_RUNPATH_SEARCH_PATHS = (
					"$(inherited)",
					"@executable_path/Frameworks",
					"@executable_path/../../Frameworks",
					"@executable_path/../../../../Frameworks",
				);
				MARKETING_VERSION = 1.0;
				PRODUCT_BUNDLE_IDENTIFIER = koyakei.test.watchkitapp.WindWatchWidget;
				PRODUCT_NAME = "$(TARGET_NAME)";
				SDKROOT = watchos;
				SKIP_INSTALL = YES;
				SWIFT_EMIT_LOC_STRINGS = YES;
				SWIFT_VERSION = 5.0;
				TARGETED_DEVICE_FAMILY = 4;
				VALIDATE_PRODUCT = YES;
			};
			name = Release;
		};
/* End XCBuildConfiguration section */

/* Begin XCConfigurationList section */
		BA13BCC82AAC3D2100C85108 /* Build configuration list for PBXProject "test" */ = {
			isa = XCConfigurationList;
			buildConfigurations = (
				BA13BCEB2AAC3D2600C85108 /* Debug */,
				BA13BCEC2AAC3D2600C85108 /* Release */,
			);
			defaultConfigurationIsVisible = 0;
			defaultConfigurationName = Release;
		};
		BA13BCED2AAC3D2600C85108 /* Build configuration list for PBXNativeTarget "test Watch App" */ = {
			isa = XCConfigurationList;
			buildConfigurations = (
				BA13BCEE2AAC3D2600C85108 /* Debug */,
				BA13BCEF2AAC3D2600C85108 /* Release */,
			);
			defaultConfigurationIsVisible = 0;
			defaultConfigurationName = Release;
		};
		BA13BCF12AAC3D2600C85108 /* Build configuration list for PBXNativeTarget "test" */ = {
			isa = XCConfigurationList;
			buildConfigurations = (
				BA13BCF22AAC3D2600C85108 /* Debug */,
				BA13BCF32AAC3D2600C85108 /* Release */,
			);
			defaultConfigurationIsVisible = 0;
			defaultConfigurationName = Release;
		};
		BA425CD82AB084C50042A9BB /* Build configuration list for PBXNativeTarget "WindWatchWidgetExtension" */ = {
			isa = XCConfigurationList;
			buildConfigurations = (
				BA425CD62AB084C50042A9BB /* Debug */,
				BA425CD72AB084C50042A9BB /* Release */,
			);
			defaultConfigurationIsVisible = 0;
			defaultConfigurationName = Release;
		};
/* End XCConfigurationList section */
	};
	rootObject = BA13BCC52AAC3D2100C85108 /* Project object */;
}
